
Microsoft Visual Studio Solution File, Format Version 12.00
# Visual Studio Version 16
VisualStudioVersion = 16.0.31702.278
MinimumVisualStudioVersion = 10.0.40219.1
Project("{FAE04EC0-301F-11D3-BF4B-00C04F79EFBC}") = "C4Model", "C4Model\C4Model.csproj", "{E4EA551D-8495-4841-BDCB-042E1856B17A}"
EndProject
Global
	GlobalSection(SolutionConfigurationPlatforms) = preSolution
		Debug|Any CPU = Debug|Any CPU
		Release|Any CPU = Release|Any CPU
	EndGlobalSection
	GlobalSection(ProjectConfigurationPlatforms) = postSolution
		{E4EA551D-8495-4841-BDCB-042E1856B17A}.Debug|Any CPU.ActiveCfg = Debug|Any CPU
		{E4EA551D-8495-4841-BDCB-042E1856B17A}.Debug|Any CPU.Build.0 = Debug|Any CPU
		{E4EA551D-8495-4841-BDCB-042E1856B17A}.Release|Any CPU.ActiveCfg = Release|Any CPU
		{E4EA551D-8495-4841-BDCB-042E1856B17A}.Release|Any CPU.Build.0 = Release|Any CPU
	EndGlobalSection
	GlobalSection(SolutionProperties) = preSolution
		HideSolutionNode = FALSE
	EndGlobalSection
	GlobalSection(ExtensibilityGlobals) = postSolution
		SolutionGuid = {99811B41-C155-4474-9D74-7EB34C6CB4CA}
	EndGlobalSection
EndGlobal
